// !$*UTF8*$!
{
	archiveVersion = 1;
	classes = {
	};
	objectVersion = 56;
	objects = {

/* Begin PBXBuildFile section */
		F118631D2BE4261C007CDD8A /* ListItem.swift in Sources */ = {isa = PBXBuildFile; fileRef = F1BC95642BE32FB0000B7AF5 /* ListItem.swift */; };
		F118631E2BE4261C007CDD8A /* ActivitesView.swift in Sources */ = {isa = PBXBuildFile; fileRef = F1BC95622BE32F25000B7AF5 /* ActivitesView.swift */; };
		F118631F2BE42650007CDD8A /* AppReport.swift in Sources */ = {isa = PBXBuildFile; fileRef = F1BC955E2BE32D35000B7AF5 /* AppReport.swift */; };
		F11863202BE426BF007CDD8A /* DeviceActivityReport.swift in Sources */ = {isa = PBXBuildFile; fileRef = F1BC95602BE32D86000B7AF5 /* DeviceActivityReport.swift */; };
		F126F5502B92800B00E2E0CE /* mainMenu.swift in Sources */ = {isa = PBXBuildFile; fileRef = F126F54F2B92800B00E2E0CE /* mainMenu.swift */; };
		F126F5522B92839100E2E0CE /* parentSettings.swift in Sources */ = {isa = PBXBuildFile; fileRef = F126F5512B92839100E2E0CE /* parentSettings.swift */; };
		F126F5542B9285B800E2E0CE /* kidHistory.swift in Sources */ = {isa = PBXBuildFile; fileRef = F126F5532B9285B800E2E0CE /* kidHistory.swift */; };
		F126F5562B928C0700E2E0CE /* taskView.swift in Sources */ = {isa = PBXBuildFile; fileRef = F126F5552B928C0700E2E0CE /* taskView.swift */; };
		F126F5582B928E5A00E2E0CE /* setView.swift in Sources */ = {isa = PBXBuildFile; fileRef = F126F5572B928E5A00E2E0CE /* setView.swift */; };
		F126F55A2B928E6C00E2E0CE /* useView.swift in Sources */ = {isa = PBXBuildFile; fileRef = F126F5592B928E6C00E2E0CE /* useView.swift */; };
		F126F55C2B928E7D00E2E0CE /* reviewView.swift in Sources */ = {isa = PBXBuildFile; fileRef = F126F55B2B928E7D00E2E0CE /* reviewView.swift */; };
		F12879F72C3F42F000127A25 /* authView.swift in Sources */ = {isa = PBXBuildFile; fileRef = F12879F62C3F42F000127A25 /* authView.swift */; };
		F157381E2B7575CA008811C1 /* Kids_Tech_BalanceApp.swift in Sources */ = {isa = PBXBuildFile; fileRef = F157381D2B7575CA008811C1 /* Kids_Tech_BalanceApp.swift */; };
		F15738222B7575CC008811C1 /* Assets.xcassets in Resources */ = {isa = PBXBuildFile; fileRef = F15738212B7575CC008811C1 /* Assets.xcassets */; };
		F15738252B7575CC008811C1 /* Preview Assets.xcassets in Resources */ = {isa = PBXBuildFile; fileRef = F15738242B7575CC008811C1 /* Preview Assets.xcassets */; };
		F157382F2B7575CC008811C1 /* Kids_Tech_BalanceTests.swift in Sources */ = {isa = PBXBuildFile; fileRef = F157382E2B7575CC008811C1 /* Kids_Tech_BalanceTests.swift */; };
		F15738392B7575CC008811C1 /* Kids_Tech_BalanceUITests.swift in Sources */ = {isa = PBXBuildFile; fileRef = F15738382B7575CC008811C1 /* Kids_Tech_BalanceUITests.swift */; };
		F157383B2B7575CC008811C1 /* Kids_Tech_BalanceUITestsLaunchTests.swift in Sources */ = {isa = PBXBuildFile; fileRef = F157383A2B7575CC008811C1 /* Kids_Tech_BalanceUITestsLaunchTests.swift */; };
		F1604CE92BD81AF4009F5F89 /* ScheduleModel.swift in Sources */ = {isa = PBXBuildFile; fileRef = F1604CE82BD81AF4009F5F89 /* ScheduleModel.swift */; };
		F1604CF12BD82406009F5F89 /* DeviceActivity.framework in Frameworks */ = {isa = PBXBuildFile; fileRef = F1604CF02BD82406009F5F89 /* DeviceActivity.framework */; };
		F1604CF42BD82406009F5F89 /* DeviceActivityMonitorExtension.swift in Sources */ = {isa = PBXBuildFile; fileRef = F1604CF32BD82406009F5F89 /* DeviceActivityMonitorExtension.swift */; };
		F1604CF92BD82406009F5F89 /* MyDeviceActivityMonitor.appex in Embed Foundation Extensions */ = {isa = PBXBuildFile; fileRef = F1604CEE2BD82406009F5F89 /* MyDeviceActivityMonitor.appex */; settings = {ATTRIBUTES = (RemoveHeadersOnCopy, ); }; };
		F167E6422BF816BF0094E84E /* WidgetKit.framework in Frameworks */ = {isa = PBXBuildFile; fileRef = F167E6412BF816BF0094E84E /* WidgetKit.framework */; };
		F167E6432BF816BF0094E84E /* SwiftUI.framework in Frameworks */ = {isa = PBXBuildFile; fileRef = F167E6282BF815B20094E84E /* SwiftUI.framework */; };
		F167E6462BF816BF0094E84E /* TaskWidgetBundle.swift in Sources */ = {isa = PBXBuildFile; fileRef = F167E6452BF816BF0094E84E /* TaskWidgetBundle.swift */; };
		F167E6482BF816BF0094E84E /* TaskWidget.swift in Sources */ = {isa = PBXBuildFile; fileRef = F167E6472BF816BF0094E84E /* TaskWidget.swift */; };
		F167E64A2BF816C10094E84E /* Assets.xcassets in Resources */ = {isa = PBXBuildFile; fileRef = F167E6492BF816C10094E84E /* Assets.xcassets */; };
		F167E64E2BF816C10094E84E /* TaskWidgetExtension.appex in Embed Foundation Extensions */ = {isa = PBXBuildFile; fileRef = F167E6402BF816BF0094E84E /* TaskWidgetExtension.appex */; settings = {ATTRIBUTES = (RemoveHeadersOnCopy, ); }; };
		F1B4C6372BCCA15200A32782 /* DataModel.swift in Sources */ = {isa = PBXBuildFile; fileRef = F1B4C6362BCCA15200A32782 /* DataModel.swift */; };
		F1B4C6392BCCA2B000A32782 /* selectApps.swift in Sources */ = {isa = PBXBuildFile; fileRef = F1B4C6382BCCA2B000A32782 /* selectApps.swift */; };
		F1BC956B2BE335F7000B7AF5 /* DeviceActivityReportAdapter.swift in Sources */ = {isa = PBXBuildFile; fileRef = F1BC956A2BE335F7000B7AF5 /* DeviceActivityReportAdapter.swift */; };
		F1BC95732BE342D6000B7AF5 /* ReportExtension.swift in Sources */ = {isa = PBXBuildFile; fileRef = F1BC95722BE342D6000B7AF5 /* ReportExtension.swift */; };
		F1BC95752BE342D6000B7AF5 /* TotalActivityReport.swift in Sources */ = {isa = PBXBuildFile; fileRef = F1BC95742BE342D6000B7AF5 /* TotalActivityReport.swift */; };
		F1BC95772BE342D6000B7AF5 /* TotalActivityView.swift in Sources */ = {isa = PBXBuildFile; fileRef = F1BC95762BE342D6000B7AF5 /* TotalActivityView.swift */; };
		F1BC957C2BE342D6000B7AF5 /* ReportExtension.appex in Embed ExtensionKit Extensions */ = {isa = PBXBuildFile; fileRef = F1BC95702BE342D5000B7AF5 /* ReportExtension.appex */; settings = {ATTRIBUTES = (RemoveHeadersOnCopy, ); }; };
/* End PBXBuildFile section */

/* Begin PBXContainerItemProxy section */
		F157382B2B7575CC008811C1 /* PBXContainerItemProxy */ = {
			isa = PBXContainerItemProxy;
			containerPortal = F15738122B7575C9008811C1 /* Project object */;
			proxyType = 1;
			remoteGlobalIDString = F15738192B7575CA008811C1;
			remoteInfo = "Kids Tech Balance";
		};
		F15738352B7575CC008811C1 /* PBXContainerItemProxy */ = {
			isa = PBXContainerItemProxy;
			containerPortal = F15738122B7575C9008811C1 /* Project object */;
			proxyType = 1;
			remoteGlobalIDString = F15738192B7575CA008811C1;
			remoteInfo = "Kids Tech Balance";
		};
		F1604CF72BD82406009F5F89 /* PBXContainerItemProxy */ = {
			isa = PBXContainerItemProxy;
			containerPortal = F15738122B7575C9008811C1 /* Project object */;
			proxyType = 1;
			remoteGlobalIDString = F1604CED2BD82406009F5F89;
			remoteInfo = MyDeviceActivityMonitor;
		};
		F167E64C2BF816C10094E84E /* PBXContainerItemProxy */ = {
			isa = PBXContainerItemProxy;
			containerPortal = F15738122B7575C9008811C1 /* Project object */;
			proxyType = 1;
			remoteGlobalIDString = F167E63F2BF816BF0094E84E;
			remoteInfo = TaskWidgetExtension;
		};
		F1BC957A2BE342D6000B7AF5 /* PBXContainerItemProxy */ = {
			isa = PBXContainerItemProxy;
			containerPortal = F15738122B7575C9008811C1 /* Project object */;
			proxyType = 1;
			remoteGlobalIDString = F1BC956F2BE342D5000B7AF5;
			remoteInfo = ReportExtension;
		};
/* End PBXContainerItemProxy section */

/* Begin PBXCopyFilesBuildPhase section */
		F1B4C62E2BCC9F7F00A32782 /* Embed Foundation Extensions */ = {
			isa = PBXCopyFilesBuildPhase;
			buildActionMask = 2147483647;
			dstPath = "";
			dstSubfolderSpec = 13;
			files = (
				F1604CF92BD82406009F5F89 /* MyDeviceActivityMonitor.appex in Embed Foundation Extensions */,
				F167E64E2BF816C10094E84E /* TaskWidgetExtension.appex in Embed Foundation Extensions */,
			);
			name = "Embed Foundation Extensions";
			runOnlyForDeploymentPostprocessing = 0;
		};
		F1BC95802BE342D6000B7AF5 /* Embed ExtensionKit Extensions */ = {
			isa = PBXCopyFilesBuildPhase;
			buildActionMask = 2147483647;
			dstPath = "$(EXTENSIONS_FOLDER_PATH)";
			dstSubfolderSpec = 16;
			files = (
				F1BC957C2BE342D6000B7AF5 /* ReportExtension.appex in Embed ExtensionKit Extensions */,
			);
			name = "Embed ExtensionKit Extensions";
			runOnlyForDeploymentPostprocessing = 0;
		};
/* End PBXCopyFilesBuildPhase section */

/* Begin PBXFileReference section */
		F126F54F2B92800B00E2E0CE /* mainMenu.swift */ = {isa = PBXFileReference; lastKnownFileType = sourcecode.swift; path = mainMenu.swift; sourceTree = "<group>"; };
		F126F5512B92839100E2E0CE /* parentSettings.swift */ = {isa = PBXFileReference; lastKnownFileType = sourcecode.swift; path = parentSettings.swift; sourceTree = "<group>"; };
		F126F5532B9285B800E2E0CE /* kidHistory.swift */ = {isa = PBXFileReference; lastKnownFileType = sourcecode.swift; path = kidHistory.swift; sourceTree = "<group>"; };
		F126F5552B928C0700E2E0CE /* taskView.swift */ = {isa = PBXFileReference; lastKnownFileType = sourcecode.swift; path = taskView.swift; sourceTree = "<group>"; usesTabs = 0; };
		F126F5572B928E5A00E2E0CE /* setView.swift */ = {isa = PBXFileReference; lastKnownFileType = sourcecode.swift; path = setView.swift; sourceTree = "<group>"; };
		F126F5592B928E6C00E2E0CE /* useView.swift */ = {isa = PBXFileReference; lastKnownFileType = sourcecode.swift; path = useView.swift; sourceTree = "<group>"; };
		F126F55B2B928E7D00E2E0CE /* reviewView.swift */ = {isa = PBXFileReference; lastKnownFileType = sourcecode.swift; path = reviewView.swift; sourceTree = "<group>"; };
		F12879F62C3F42F000127A25 /* authView.swift */ = {isa = PBXFileReference; lastKnownFileType = sourcecode.swift; path = authView.swift; sourceTree = "<group>"; };
		F157381A2B7575CA008811C1 /* Kids Tech Balance.app */ = {isa = PBXFileReference; explicitFileType = wrapper.application; includeInIndex = 0; path = "Kids Tech Balance.app"; sourceTree = BUILT_PRODUCTS_DIR; };
		F157381D2B7575CA008811C1 /* Kids_Tech_BalanceApp.swift */ = {isa = PBXFileReference; lastKnownFileType = sourcecode.swift; path = Kids_Tech_BalanceApp.swift; sourceTree = "<group>"; };
		F15738212B7575CC008811C1 /* Assets.xcassets */ = {isa = PBXFileReference; lastKnownFileType = folder.assetcatalog; path = Assets.xcassets; sourceTree = "<group>"; };
		F15738242B7575CC008811C1 /* Preview Assets.xcassets */ = {isa = PBXFileReference; lastKnownFileType = folder.assetcatalog; path = "Preview Assets.xcassets"; sourceTree = "<group>"; };
		F157382A2B7575CC008811C1 /* Kids Tech BalanceTests.xctest */ = {isa = PBXFileReference; explicitFileType = wrapper.cfbundle; includeInIndex = 0; path = "Kids Tech BalanceTests.xctest"; sourceTree = BUILT_PRODUCTS_DIR; };
		F157382E2B7575CC008811C1 /* Kids_Tech_BalanceTests.swift */ = {isa = PBXFileReference; lastKnownFileType = sourcecode.swift; path = Kids_Tech_BalanceTests.swift; sourceTree = "<group>"; };
		F15738342B7575CC008811C1 /* Kids Tech BalanceUITests.xctest */ = {isa = PBXFileReference; explicitFileType = wrapper.cfbundle; includeInIndex = 0; path = "Kids Tech BalanceUITests.xctest"; sourceTree = BUILT_PRODUCTS_DIR; };
		F15738382B7575CC008811C1 /* Kids_Tech_BalanceUITests.swift */ = {isa = PBXFileReference; lastKnownFileType = sourcecode.swift; path = Kids_Tech_BalanceUITests.swift; sourceTree = "<group>"; };
		F157383A2B7575CC008811C1 /* Kids_Tech_BalanceUITestsLaunchTests.swift */ = {isa = PBXFileReference; lastKnownFileType = sourcecode.swift; path = Kids_Tech_BalanceUITestsLaunchTests.swift; sourceTree = "<group>"; };
		F1604CE82BD81AF4009F5F89 /* ScheduleModel.swift */ = {isa = PBXFileReference; lastKnownFileType = sourcecode.swift; path = ScheduleModel.swift; sourceTree = "<group>"; };
		F1604CEE2BD82406009F5F89 /* MyDeviceActivityMonitor.appex */ = {isa = PBXFileReference; explicitFileType = "wrapper.app-extension"; includeInIndex = 0; path = MyDeviceActivityMonitor.appex; sourceTree = BUILT_PRODUCTS_DIR; };
		F1604CF02BD82406009F5F89 /* DeviceActivity.framework */ = {isa = PBXFileReference; lastKnownFileType = wrapper.framework; name = DeviceActivity.framework; path = System/Library/Frameworks/DeviceActivity.framework; sourceTree = SDKROOT; };
		F1604CF32BD82406009F5F89 /* DeviceActivityMonitorExtension.swift */ = {isa = PBXFileReference; lastKnownFileType = sourcecode.swift; path = DeviceActivityMonitorExtension.swift; sourceTree = "<group>"; };
		F1604CF52BD82406009F5F89 /* Info.plist */ = {isa = PBXFileReference; lastKnownFileType = text.plist.xml; path = Info.plist; sourceTree = "<group>"; };
		F1604CF62BD82406009F5F89 /* MyDeviceActivityMonitor.entitlements */ = {isa = PBXFileReference; lastKnownFileType = text.plist.entitlements; path = MyDeviceActivityMonitor.entitlements; sourceTree = "<group>"; };
		F167E6282BF815B20094E84E /* SwiftUI.framework */ = {isa = PBXFileReference; lastKnownFileType = wrapper.framework; name = SwiftUI.framework; path = System/Library/Frameworks/SwiftUI.framework; sourceTree = SDKROOT; };
		F167E6402BF816BF0094E84E /* TaskWidgetExtension.appex */ = {isa = PBXFileReference; explicitFileType = "wrapper.app-extension"; includeInIndex = 0; path = TaskWidgetExtension.appex; sourceTree = BUILT_PRODUCTS_DIR; };
		F167E6412BF816BF0094E84E /* WidgetKit.framework */ = {isa = PBXFileReference; lastKnownFileType = wrapper.framework; name = WidgetKit.framework; path = System/Library/Frameworks/WidgetKit.framework; sourceTree = SDKROOT; };
		F167E6452BF816BF0094E84E /* TaskWidgetBundle.swift */ = {isa = PBXFileReference; lastKnownFileType = sourcecode.swift; path = TaskWidgetBundle.swift; sourceTree = "<group>"; };
		F167E6472BF816BF0094E84E /* TaskWidget.swift */ = {isa = PBXFileReference; lastKnownFileType = sourcecode.swift; path = TaskWidget.swift; sourceTree = "<group>"; };
		F167E6492BF816C10094E84E /* Assets.xcassets */ = {isa = PBXFileReference; lastKnownFileType = folder.assetcatalog; path = Assets.xcassets; sourceTree = "<group>"; };
		F167E64B2BF816C10094E84E /* Info.plist */ = {isa = PBXFileReference; lastKnownFileType = text.plist.xml; path = Info.plist; sourceTree = "<group>"; };
		F167E6542BFD4CCA0094E84E /* TaskWidgetExtension.entitlements */ = {isa = PBXFileReference; lastKnownFileType = text.plist.entitlements; path = TaskWidgetExtension.entitlements; sourceTree = "<group>"; };
		F1A1D16E2BC9FEC400CCBCB1 /* Kids Tech Balance.entitlements */ = {isa = PBXFileReference; lastKnownFileType = text.plist.entitlements; path = "Kids Tech Balance.entitlements"; sourceTree = "<group>"; };
		F1B4C6362BCCA15200A32782 /* DataModel.swift */ = {isa = PBXFileReference; lastKnownFileType = sourcecode.swift; path = DataModel.swift; sourceTree = "<group>"; };
		F1B4C6382BCCA2B000A32782 /* selectApps.swift */ = {isa = PBXFileReference; lastKnownFileType = sourcecode.swift; path = selectApps.swift; sourceTree = "<group>"; };
		F1BC955E2BE32D35000B7AF5 /* AppReport.swift */ = {isa = PBXFileReference; lastKnownFileType = sourcecode.swift; path = AppReport.swift; sourceTree = "<group>"; };
		F1BC95602BE32D86000B7AF5 /* DeviceActivityReport.swift */ = {isa = PBXFileReference; lastKnownFileType = sourcecode.swift; path = DeviceActivityReport.swift; sourceTree = "<group>"; };
		F1BC95622BE32F25000B7AF5 /* ActivitesView.swift */ = {isa = PBXFileReference; lastKnownFileType = sourcecode.swift; path = ActivitesView.swift; sourceTree = "<group>"; };
		F1BC95642BE32FB0000B7AF5 /* ListItem.swift */ = {isa = PBXFileReference; lastKnownFileType = sourcecode.swift; path = ListItem.swift; sourceTree = "<group>"; };
		F1BC956A2BE335F7000B7AF5 /* DeviceActivityReportAdapter.swift */ = {isa = PBXFileReference; lastKnownFileType = sourcecode.swift; path = DeviceActivityReportAdapter.swift; sourceTree = "<group>"; };
		F1BC95702BE342D5000B7AF5 /* ReportExtension.appex */ = {isa = PBXFileReference; explicitFileType = "wrapper.extensionkit-extension"; includeInIndex = 0; path = ReportExtension.appex; sourceTree = BUILT_PRODUCTS_DIR; };
		F1BC95722BE342D6000B7AF5 /* ReportExtension.swift */ = {isa = PBXFileReference; lastKnownFileType = sourcecode.swift; path = ReportExtension.swift; sourceTree = "<group>"; };
		F1BC95742BE342D6000B7AF5 /* TotalActivityReport.swift */ = {isa = PBXFileReference; lastKnownFileType = sourcecode.swift; path = TotalActivityReport.swift; sourceTree = "<group>"; };
		F1BC95762BE342D6000B7AF5 /* TotalActivityView.swift */ = {isa = PBXFileReference; lastKnownFileType = sourcecode.swift; path = TotalActivityView.swift; sourceTree = "<group>"; };
		F1BC95782BE342D6000B7AF5 /* Info.plist */ = {isa = PBXFileReference; lastKnownFileType = text.plist.xml; path = Info.plist; sourceTree = "<group>"; };
		F1BC95792BE342D6000B7AF5 /* ReportExtension.entitlements */ = {isa = PBXFileReference; lastKnownFileType = text.plist.entitlements; path = ReportExtension.entitlements; sourceTree = "<group>"; };
/* End PBXFileReference section */

/* Begin PBXFrameworksBuildPhase section */
		F15738172B7575CA008811C1 /* Frameworks */ = {
			isa = PBXFrameworksBuildPhase;
			buildActionMask = 2147483647;
			files = (
			);
			runOnlyForDeploymentPostprocessing = 0;
		};
		F15738272B7575CC008811C1 /* Frameworks */ = {
			isa = PBXFrameworksBuildPhase;
			buildActionMask = 2147483647;
			files = (
			);
			runOnlyForDeploymentPostprocessing = 0;
		};
		F15738312B7575CC008811C1 /* Frameworks */ = {
			isa = PBXFrameworksBuildPhase;
			buildActionMask = 2147483647;
			files = (
			);
			runOnlyForDeploymentPostprocessing = 0;
		};
		F1604CEB2BD82406009F5F89 /* Frameworks */ = {
			isa = PBXFrameworksBuildPhase;
			buildActionMask = 2147483647;
			files = (
				F1604CF12BD82406009F5F89 /* DeviceActivity.framework in Frameworks */,
			);
			runOnlyForDeploymentPostprocessing = 0;
		};
		F167E63D2BF816BF0094E84E /* Frameworks */ = {
			isa = PBXFrameworksBuildPhase;
			buildActionMask = 2147483647;
			files = (
				F167E6432BF816BF0094E84E /* SwiftUI.framework in Frameworks */,
				F167E6422BF816BF0094E84E /* WidgetKit.framework in Frameworks */,
			);
			runOnlyForDeploymentPostprocessing = 0;
		};
		F1BC956D2BE342D5000B7AF5 /* Frameworks */ = {
			isa = PBXFrameworksBuildPhase;
			buildActionMask = 2147483647;
			files = (
			);
			runOnlyForDeploymentPostprocessing = 0;
		};
/* End PBXFrameworksBuildPhase section */

/* Begin PBXGroup section */
		F126F54C2B9279F500E2E0CE /* Views */ = {
			isa = PBXGroup;
			children = (
				F126F54F2B92800B00E2E0CE /* mainMenu.swift */,
				F126F5552B928C0700E2E0CE /* taskView.swift */,
				F126F5572B928E5A00E2E0CE /* setView.swift */,
				F126F5592B928E6C00E2E0CE /* useView.swift */,
				F126F55B2B928E7D00E2E0CE /* reviewView.swift */,
				F1B4C6382BCCA2B000A32782 /* selectApps.swift */,
				F126F5512B92839100E2E0CE /* parentSettings.swift */,
				F126F5532B9285B800E2E0CE /* kidHistory.swift */,
				F12879F62C3F42F000127A25 /* authView.swift */,
			);
			path = Views;
			sourceTree = "<group>";
		};
		F15738112B7575C9008811C1 = {
			isa = PBXGroup;
			children = (
				F167E6542BFD4CCA0094E84E /* TaskWidgetExtension.entitlements */,
				F157381C2B7575CA008811C1 /* Kids Tech Balance */,
				F157382D2B7575CC008811C1 /* Kids Tech BalanceTests */,
				F15738372B7575CC008811C1 /* Kids Tech BalanceUITests */,
				F1604CF22BD82406009F5F89 /* MyDeviceActivityMonitor */,
				F1BC95712BE342D5000B7AF5 /* ReportExtension */,
				F167E6442BF816BF0094E84E /* TaskWidget */,
				F1604CEF2BD82406009F5F89 /* Frameworks */,
				F157381B2B7575CA008811C1 /* Products */,
			);
			sourceTree = "<group>";
		};
		F157381B2B7575CA008811C1 /* Products */ = {
			isa = PBXGroup;
			children = (
				F157381A2B7575CA008811C1 /* Kids Tech Balance.app */,
				F157382A2B7575CC008811C1 /* Kids Tech BalanceTests.xctest */,
				F15738342B7575CC008811C1 /* Kids Tech BalanceUITests.xctest */,
				F1604CEE2BD82406009F5F89 /* MyDeviceActivityMonitor.appex */,
				F1BC95702BE342D5000B7AF5 /* ReportExtension.appex */,
				F167E6402BF816BF0094E84E /* TaskWidgetExtension.appex */,
			);
			name = Products;
			sourceTree = "<group>";
		};
		F157381C2B7575CA008811C1 /* Kids Tech Balance */ = {
			isa = PBXGroup;
			children = (
				F1B4C6352BCCA11400A32782 /* Models */,
				F1A1D16E2BC9FEC400CCBCB1 /* Kids Tech Balance.entitlements */,
				F126F54C2B9279F500E2E0CE /* Views */,
				F157381D2B7575CA008811C1 /* Kids_Tech_BalanceApp.swift */,
				F15738212B7575CC008811C1 /* Assets.xcassets */,
				F15738232B7575CC008811C1 /* Preview Content */,
			);
			path = "Kids Tech Balance";
			sourceTree = "<group>";
		};
		F15738232B7575CC008811C1 /* Preview Content */ = {
			isa = PBXGroup;
			children = (
				F15738242B7575CC008811C1 /* Preview Assets.xcassets */,
			);
			path = "Preview Content";
			sourceTree = "<group>";
		};
		F157382D2B7575CC008811C1 /* Kids Tech BalanceTests */ = {
			isa = PBXGroup;
			children = (
				F157382E2B7575CC008811C1 /* Kids_Tech_BalanceTests.swift */,
			);
			path = "Kids Tech BalanceTests";
			sourceTree = "<group>";
		};
		F15738372B7575CC008811C1 /* Kids Tech BalanceUITests */ = {
			isa = PBXGroup;
			children = (
				F15738382B7575CC008811C1 /* Kids_Tech_BalanceUITests.swift */,
				F157383A2B7575CC008811C1 /* Kids_Tech_BalanceUITestsLaunchTests.swift */,
			);
			path = "Kids Tech BalanceUITests";
			sourceTree = "<group>";
		};
		F1604CEF2BD82406009F5F89 /* Frameworks */ = {
			isa = PBXGroup;
			children = (
				F1604CF02BD82406009F5F89 /* DeviceActivity.framework */,
				F167E6282BF815B20094E84E /* SwiftUI.framework */,
				F167E6412BF816BF0094E84E /* WidgetKit.framework */,
			);
			name = Frameworks;
			sourceTree = "<group>";
		};
		F1604CF22BD82406009F5F89 /* MyDeviceActivityMonitor */ = {
			isa = PBXGroup;
			children = (
				F1604CF32BD82406009F5F89 /* DeviceActivityMonitorExtension.swift */,
				F1604CF52BD82406009F5F89 /* Info.plist */,
				F1604CF62BD82406009F5F89 /* MyDeviceActivityMonitor.entitlements */,
			);
			path = MyDeviceActivityMonitor;
			sourceTree = "<group>";
		};
		F167E6442BF816BF0094E84E /* TaskWidget */ = {
			isa = PBXGroup;
			children = (
				F167E6452BF816BF0094E84E /* TaskWidgetBundle.swift */,
				F167E6472BF816BF0094E84E /* TaskWidget.swift */,
				F167E6492BF816C10094E84E /* Assets.xcassets */,
				F167E64B2BF816C10094E84E /* Info.plist */,
			);
			path = TaskWidget;
			sourceTree = "<group>";
		};
		F1B4C6352BCCA11400A32782 /* Models */ = {
			isa = PBXGroup;
			children = (
				F1B4C6362BCCA15200A32782 /* DataModel.swift */,
				F1604CE82BD81AF4009F5F89 /* ScheduleModel.swift */,
				F1BC956A2BE335F7000B7AF5 /* DeviceActivityReportAdapter.swift */,
			);
			path = Models;
			sourceTree = "<group>";
		};
		F1BC95712BE342D5000B7AF5 /* ReportExtension */ = {
			isa = PBXGroup;
			children = (
				F1BC95602BE32D86000B7AF5 /* DeviceActivityReport.swift */,
				F1BC955E2BE32D35000B7AF5 /* AppReport.swift */,
				F1BC95622BE32F25000B7AF5 /* ActivitesView.swift */,
				F1BC95642BE32FB0000B7AF5 /* ListItem.swift */,
				F1BC95722BE342D6000B7AF5 /* ReportExtension.swift */,
				F1BC95742BE342D6000B7AF5 /* TotalActivityReport.swift */,
				F1BC95762BE342D6000B7AF5 /* TotalActivityView.swift */,
				F1BC95782BE342D6000B7AF5 /* Info.plist */,
				F1BC95792BE342D6000B7AF5 /* ReportExtension.entitlements */,
			);
			path = ReportExtension;
			sourceTree = "<group>";
		};
/* End PBXGroup section */

/* Begin PBXNativeTarget section */
		F15738192B7575CA008811C1 /* Kids Tech Balance */ = {
			isa = PBXNativeTarget;
			buildConfigurationList = F157383E2B7575CC008811C1 /* Build configuration list for PBXNativeTarget "Kids Tech Balance" */;
			buildPhases = (
				F15738162B7575CA008811C1 /* Sources */,
				F15738172B7575CA008811C1 /* Frameworks */,
				F15738182B7575CA008811C1 /* Resources */,
				F1B4C62E2BCC9F7F00A32782 /* Embed Foundation Extensions */,
				F1BC95802BE342D6000B7AF5 /* Embed ExtensionKit Extensions */,
			);
			buildRules = (
			);
			dependencies = (
				F1604CF82BD82406009F5F89 /* PBXTargetDependency */,
				F1BC957B2BE342D6000B7AF5 /* PBXTargetDependency */,
				F167E64D2BF816C10094E84E /* PBXTargetDependency */,
			);
			name = "Kids Tech Balance";
			productName = "Kids Tech Balance";
			productReference = F157381A2B7575CA008811C1 /* Kids Tech Balance.app */;
			productType = "com.apple.product-type.application";
		};
		F15738292B7575CC008811C1 /* Kids Tech BalanceTests */ = {
			isa = PBXNativeTarget;
			buildConfigurationList = F15738412B7575CC008811C1 /* Build configuration list for PBXNativeTarget "Kids Tech BalanceTests" */;
			buildPhases = (
				F15738262B7575CC008811C1 /* Sources */,
				F15738272B7575CC008811C1 /* Frameworks */,
				F15738282B7575CC008811C1 /* Resources */,
			);
			buildRules = (
			);
			dependencies = (
				F157382C2B7575CC008811C1 /* PBXTargetDependency */,
			);
			name = "Kids Tech BalanceTests";
			productName = "Kids Tech BalanceTests";
			productReference = F157382A2B7575CC008811C1 /* Kids Tech BalanceTests.xctest */;
			productType = "com.apple.product-type.bundle.unit-test";
		};
		F15738332B7575CC008811C1 /* Kids Tech BalanceUITests */ = {
			isa = PBXNativeTarget;
			buildConfigurationList = F15738442B7575CC008811C1 /* Build configuration list for PBXNativeTarget "Kids Tech BalanceUITests" */;
			buildPhases = (
				F15738302B7575CC008811C1 /* Sources */,
				F15738312B7575CC008811C1 /* Frameworks */,
				F15738322B7575CC008811C1 /* Resources */,
			);
			buildRules = (
			);
			dependencies = (
				F15738362B7575CC008811C1 /* PBXTargetDependency */,
			);
			name = "Kids Tech BalanceUITests";
			productName = "Kids Tech BalanceUITests";
			productReference = F15738342B7575CC008811C1 /* Kids Tech BalanceUITests.xctest */;
			productType = "com.apple.product-type.bundle.ui-testing";
		};
		F1604CED2BD82406009F5F89 /* MyDeviceActivityMonitor */ = {
			isa = PBXNativeTarget;
			buildConfigurationList = F1604CFA2BD82406009F5F89 /* Build configuration list for PBXNativeTarget "MyDeviceActivityMonitor" */;
			buildPhases = (
				F1604CEA2BD82406009F5F89 /* Sources */,
				F1604CEB2BD82406009F5F89 /* Frameworks */,
				F1604CEC2BD82406009F5F89 /* Resources */,
			);
			buildRules = (
			);
			dependencies = (
			);
			name = MyDeviceActivityMonitor;
			productName = MyDeviceActivityMonitor;
			productReference = F1604CEE2BD82406009F5F89 /* MyDeviceActivityMonitor.appex */;
			productType = "com.apple.product-type.app-extension";
		};
		F167E63F2BF816BF0094E84E /* TaskWidgetExtension */ = {
			isa = PBXNativeTarget;
			buildConfigurationList = F167E64F2BF816C10094E84E /* Build configuration list for PBXNativeTarget "TaskWidgetExtension" */;
			buildPhases = (
				F167E63C2BF816BF0094E84E /* Sources */,
				F167E63D2BF816BF0094E84E /* Frameworks */,
				F167E63E2BF816BF0094E84E /* Resources */,
			);
			buildRules = (
			);
			dependencies = (
			);
			name = TaskWidgetExtension;
			productName = TaskWidgetExtension;
			productReference = F167E6402BF816BF0094E84E /* TaskWidgetExtension.appex */;
			productType = "com.apple.product-type.app-extension";
		};
		F1BC956F2BE342D5000B7AF5 /* ReportExtension */ = {
			isa = PBXNativeTarget;
			buildConfigurationList = F1BC957D2BE342D6000B7AF5 /* Build configuration list for PBXNativeTarget "ReportExtension" */;
			buildPhases = (
				F1BC956C2BE342D5000B7AF5 /* Sources */,
				F1BC956D2BE342D5000B7AF5 /* Frameworks */,
				F1BC956E2BE342D5000B7AF5 /* Resources */,
			);
			buildRules = (
			);
			dependencies = (
			);
			name = ReportExtension;
			productName = ReportExtension;
			productReference = F1BC95702BE342D5000B7AF5 /* ReportExtension.appex */;
			productType = "com.apple.product-type.extensionkit-extension";
		};
/* End PBXNativeTarget section */

/* Begin PBXProject section */
		F15738122B7575C9008811C1 /* Project object */ = {
			isa = PBXProject;
			attributes = {
				BuildIndependentTargetsInParallel = 1;
				LastSwiftUpdateCheck = 1540;
				LastUpgradeCheck = 1520;
				TargetAttributes = {
					F15738192B7575CA008811C1 = {
						CreatedOnToolsVersion = 15.2;
					};
					F15738292B7575CC008811C1 = {
						CreatedOnToolsVersion = 15.2;
						TestTargetID = F15738192B7575CA008811C1;
					};
					F15738332B7575CC008811C1 = {
						CreatedOnToolsVersion = 15.2;
						TestTargetID = F15738192B7575CA008811C1;
					};
					F1604CED2BD82406009F5F89 = {
						CreatedOnToolsVersion = 15.3;
					};
					F167E63F2BF816BF0094E84E = {
						CreatedOnToolsVersion = 15.4;
					};
					F1BC956F2BE342D5000B7AF5 = {
						CreatedOnToolsVersion = 15.3;
					};
				};
			};
			buildConfigurationList = F15738152B7575C9008811C1 /* Build configuration list for PBXProject "Kids Tech Balance" */;
			compatibilityVersion = "Xcode 14.0";
			developmentRegion = en;
			hasScannedForEncodings = 0;
			knownRegions = (
				en,
				Base,
			);
			mainGroup = F15738112B7575C9008811C1;
			productRefGroup = F157381B2B7575CA008811C1 /* Products */;
			projectDirPath = "";
			projectRoot = "";
			targets = (
				F15738192B7575CA008811C1 /* Kids Tech Balance */,
				F15738292B7575CC008811C1 /* Kids Tech BalanceTests */,
				F15738332B7575CC008811C1 /* Kids Tech BalanceUITests */,
				F1604CED2BD82406009F5F89 /* MyDeviceActivityMonitor */,
				F1BC956F2BE342D5000B7AF5 /* ReportExtension */,
				F167E63F2BF816BF0094E84E /* TaskWidgetExtension */,
			);
		};
/* End PBXProject section */

/* Begin PBXResourcesBuildPhase section */
		F15738182B7575CA008811C1 /* Resources */ = {
			isa = PBXResourcesBuildPhase;
			buildActionMask = 2147483647;
			files = (
				F15738252B7575CC008811C1 /* Preview Assets.xcassets in Resources */,
				F15738222B7575CC008811C1 /* Assets.xcassets in Resources */,
			);
			runOnlyForDeploymentPostprocessing = 0;
		};
		F15738282B7575CC008811C1 /* Resources */ = {
			isa = PBXResourcesBuildPhase;
			buildActionMask = 2147483647;
			files = (
			);
			runOnlyForDeploymentPostprocessing = 0;
		};
		F15738322B7575CC008811C1 /* Resources */ = {
			isa = PBXResourcesBuildPhase;
			buildActionMask = 2147483647;
			files = (
			);
			runOnlyForDeploymentPostprocessing = 0;
		};
		F1604CEC2BD82406009F5F89 /* Resources */ = {
			isa = PBXResourcesBuildPhase;
			buildActionMask = 2147483647;
			files = (
			);
			runOnlyForDeploymentPostprocessing = 0;
		};
		F167E63E2BF816BF0094E84E /* Resources */ = {
			isa = PBXResourcesBuildPhase;
			buildActionMask = 2147483647;
			files = (
				F167E64A2BF816C10094E84E /* Assets.xcassets in Resources */,
			);
			runOnlyForDeploymentPostprocessing = 0;
		};
		F1BC956E2BE342D5000B7AF5 /* Resources */ = {
			isa = PBXResourcesBuildPhase;
			buildActionMask = 2147483647;
			files = (
			);
			runOnlyForDeploymentPostprocessing = 0;
		};
/* End PBXResourcesBuildPhase section */

/* Begin PBXSourcesBuildPhase section */
		F15738162B7575CA008811C1 /* Sources */ = {
			isa = PBXSourcesBuildPhase;
			buildActionMask = 2147483647;
			files = (
				F1604CE92BD81AF4009F5F89 /* ScheduleModel.swift in Sources */,
				F126F55C2B928E7D00E2E0CE /* reviewView.swift in Sources */,
				F126F55A2B928E6C00E2E0CE /* useView.swift in Sources */,
				F126F5522B92839100E2E0CE /* parentSettings.swift in Sources */,
				F12879F72C3F42F000127A25 /* authView.swift in Sources */,
				F1B4C6392BCCA2B000A32782 /* selectApps.swift in Sources */,
				F126F5562B928C0700E2E0CE /* taskView.swift in Sources */,
				F1B4C6372BCCA15200A32782 /* DataModel.swift in Sources */,
				F1BC956B2BE335F7000B7AF5 /* DeviceActivityReportAdapter.swift in Sources */,
				F157381E2B7575CA008811C1 /* Kids_Tech_BalanceApp.swift in Sources */,
				F126F5502B92800B00E2E0CE /* mainMenu.swift in Sources */,
				F126F5542B9285B800E2E0CE /* kidHistory.swift in Sources */,
				F126F5582B928E5A00E2E0CE /* setView.swift in Sources */,
			);
			runOnlyForDeploymentPostprocessing = 0;
		};
		F15738262B7575CC008811C1 /* Sources */ = {
			isa = PBXSourcesBuildPhase;
			buildActionMask = 2147483647;
			files = (
				F157382F2B7575CC008811C1 /* Kids_Tech_BalanceTests.swift in Sources */,
			);
			runOnlyForDeploymentPostprocessing = 0;
		};
		F15738302B7575CC008811C1 /* Sources */ = {
			isa = PBXSourcesBuildPhase;
			buildActionMask = 2147483647;
			files = (
				F157383B2B7575CC008811C1 /* Kids_Tech_BalanceUITestsLaunchTests.swift in Sources */,
				F15738392B7575CC008811C1 /* Kids_Tech_BalanceUITests.swift in Sources */,
			);
			runOnlyForDeploymentPostprocessing = 0;
		};
		F1604CEA2BD82406009F5F89 /* Sources */ = {
			isa = PBXSourcesBuildPhase;
			buildActionMask = 2147483647;
			files = (
				F1604CF42BD82406009F5F89 /* DeviceActivityMonitorExtension.swift in Sources */,
			);
			runOnlyForDeploymentPostprocessing = 0;
		};
		F167E63C2BF816BF0094E84E /* Sources */ = {
			isa = PBXSourcesBuildPhase;
			buildActionMask = 2147483647;
			files = (
				F167E6482BF816BF0094E84E /* TaskWidget.swift in Sources */,
				F167E6462BF816BF0094E84E /* TaskWidgetBundle.swift in Sources */,
			);
			runOnlyForDeploymentPostprocessing = 0;
		};
		F1BC956C2BE342D5000B7AF5 /* Sources */ = {
			isa = PBXSourcesBuildPhase;
			buildActionMask = 2147483647;
			files = (
				F11863202BE426BF007CDD8A /* DeviceActivityReport.swift in Sources */,
				F118631E2BE4261C007CDD8A /* ActivitesView.swift in Sources */,
				F118631D2BE4261C007CDD8A /* ListItem.swift in Sources */,
				F1BC95772BE342D6000B7AF5 /* TotalActivityView.swift in Sources */,
				F1BC95732BE342D6000B7AF5 /* ReportExtension.swift in Sources */,
				F1BC95752BE342D6000B7AF5 /* TotalActivityReport.swift in Sources */,
				F118631F2BE42650007CDD8A /* AppReport.swift in Sources */,
			);
			runOnlyForDeploymentPostprocessing = 0;
		};
/* End PBXSourcesBuildPhase section */

/* Begin PBXTargetDependency section */
		F157382C2B7575CC008811C1 /* PBXTargetDependency */ = {
			isa = PBXTargetDependency;
			target = F15738192B7575CA008811C1 /* Kids Tech Balance */;
			targetProxy = F157382B2B7575CC008811C1 /* PBXContainerItemProxy */;
		};
		F15738362B7575CC008811C1 /* PBXTargetDependency */ = {
			isa = PBXTargetDependency;
			target = F15738192B7575CA008811C1 /* Kids Tech Balance */;
			targetProxy = F15738352B7575CC008811C1 /* PBXContainerItemProxy */;
		};
		F1604CF82BD82406009F5F89 /* PBXTargetDependency */ = {
			isa = PBXTargetDependency;
			target = F1604CED2BD82406009F5F89 /* MyDeviceActivityMonitor */;
			targetProxy = F1604CF72BD82406009F5F89 /* PBXContainerItemProxy */;
		};
		F167E64D2BF816C10094E84E /* PBXTargetDependency */ = {
			isa = PBXTargetDependency;
			target = F167E63F2BF816BF0094E84E /* TaskWidgetExtension */;
			targetProxy = F167E64C2BF816C10094E84E /* PBXContainerItemProxy */;
		};
		F1BC957B2BE342D6000B7AF5 /* PBXTargetDependency */ = {
			isa = PBXTargetDependency;
			target = F1BC956F2BE342D5000B7AF5 /* ReportExtension */;
			targetProxy = F1BC957A2BE342D6000B7AF5 /* PBXContainerItemProxy */;
		};
/* End PBXTargetDependency section */

/* Begin XCBuildConfiguration section */
		F157383C2B7575CC008811C1 /* Debug */ = {
			isa = XCBuildConfiguration;
			buildSettings = {
				ALWAYS_SEARCH_USER_PATHS = NO;
				ASSETCATALOG_COMPILER_GENERATE_SWIFT_ASSET_SYMBOL_EXTENSIONS = YES;
				CLANG_ANALYZER_NONNULL = YES;
				CLANG_ANALYZER_NUMBER_OBJECT_CONVERSION = YES_AGGRESSIVE;
				CLANG_CXX_LANGUAGE_STANDARD = "gnu++20";
				CLANG_ENABLE_MODULES = YES;
				CLANG_ENABLE_OBJC_ARC = YES;
				CLANG_ENABLE_OBJC_WEAK = YES;
				CLANG_WARN_BLOCK_CAPTURE_AUTORELEASING = YES;
				CLANG_WARN_BOOL_CONVERSION = YES;
				CLANG_WARN_COMMA = YES;
				CLANG_WARN_CONSTANT_CONVERSION = YES;
				CLANG_WARN_DEPRECATED_OBJC_IMPLEMENTATIONS = YES;
				CLANG_WARN_DIRECT_OBJC_ISA_USAGE = YES_ERROR;
				CLANG_WARN_DOCUMENTATION_COMMENTS = YES;
				CLANG_WARN_EMPTY_BODY = YES;
				CLANG_WARN_ENUM_CONVERSION = YES;
				CLANG_WARN_INFINITE_RECURSION = YES;
				CLANG_WARN_INT_CONVERSION = YES;
				CLANG_WARN_NON_LITERAL_NULL_CONVERSION = YES;
				CLANG_WARN_OBJC_IMPLICIT_RETAIN_SELF = YES;
				CLANG_WARN_OBJC_LITERAL_CONVERSION = YES;
				CLANG_WARN_OBJC_ROOT_CLASS = YES_ERROR;
				CLANG_WARN_QUOTED_INCLUDE_IN_FRAMEWORK_HEADER = YES;
				CLANG_WARN_RANGE_LOOP_ANALYSIS = YES;
				CLANG_WARN_STRICT_PROTOTYPES = YES;
				CLANG_WARN_SUSPICIOUS_MOVE = YES;
				CLANG_WARN_UNGUARDED_AVAILABILITY = YES_AGGRESSIVE;
				CLANG_WARN_UNREACHABLE_CODE = YES;
				CLANG_WARN__DUPLICATE_METHOD_MATCH = YES;
				COPY_PHASE_STRIP = NO;
				DEBUG_INFORMATION_FORMAT = dwarf;
				ENABLE_STRICT_OBJC_MSGSEND = YES;
				ENABLE_TESTABILITY = YES;
				ENABLE_USER_SCRIPT_SANDBOXING = YES;
				GCC_C_LANGUAGE_STANDARD = gnu17;
				GCC_DYNAMIC_NO_PIC = NO;
				GCC_NO_COMMON_BLOCKS = YES;
				GCC_OPTIMIZATION_LEVEL = 0;
				GCC_PREPROCESSOR_DEFINITIONS = (
					"DEBUG=1",
					"$(inherited)",
				);
				GCC_WARN_64_TO_32_BIT_CONVERSION = YES;
				GCC_WARN_ABOUT_RETURN_TYPE = YES_ERROR;
				GCC_WARN_UNDECLARED_SELECTOR = YES;
				GCC_WARN_UNINITIALIZED_AUTOS = YES_AGGRESSIVE;
				GCC_WARN_UNUSED_FUNCTION = YES;
				GCC_WARN_UNUSED_VARIABLE = YES;
				IPHONEOS_DEPLOYMENT_TARGET = 17.2;
				LOCALIZATION_PREFERS_STRING_CATALOGS = YES;
				MTL_ENABLE_DEBUG_INFO = INCLUDE_SOURCE;
				MTL_FAST_MATH = YES;
				ONLY_ACTIVE_ARCH = YES;
				SDKROOT = iphoneos;
				SWIFT_ACTIVE_COMPILATION_CONDITIONS = "DEBUG $(inherited)";
				SWIFT_OPTIMIZATION_LEVEL = "-Onone";
			};
			name = Debug;
		};
		F157383D2B7575CC008811C1 /* Release */ = {
			isa = XCBuildConfiguration;
			buildSettings = {
				ALWAYS_SEARCH_USER_PATHS = NO;
				ASSETCATALOG_COMPILER_GENERATE_SWIFT_ASSET_SYMBOL_EXTENSIONS = YES;
				CLANG_ANALYZER_NONNULL = YES;
				CLANG_ANALYZER_NUMBER_OBJECT_CONVERSION = YES_AGGRESSIVE;
				CLANG_CXX_LANGUAGE_STANDARD = "gnu++20";
				CLANG_ENABLE_MODULES = YES;
				CLANG_ENABLE_OBJC_ARC = YES;
				CLANG_ENABLE_OBJC_WEAK = YES;
				CLANG_WARN_BLOCK_CAPTURE_AUTORELEASING = YES;
				CLANG_WARN_BOOL_CONVERSION = YES;
				CLANG_WARN_COMMA = YES;
				CLANG_WARN_CONSTANT_CONVERSION = YES;
				CLANG_WARN_DEPRECATED_OBJC_IMPLEMENTATIONS = YES;
				CLANG_WARN_DIRECT_OBJC_ISA_USAGE = YES_ERROR;
				CLANG_WARN_DOCUMENTATION_COMMENTS = YES;
				CLANG_WARN_EMPTY_BODY = YES;
				CLANG_WARN_ENUM_CONVERSION = YES;
				CLANG_WARN_INFINITE_RECURSION = YES;
				CLANG_WARN_INT_CONVERSION = YES;
				CLANG_WARN_NON_LITERAL_NULL_CONVERSION = YES;
				CLANG_WARN_OBJC_IMPLICIT_RETAIN_SELF = YES;
				CLANG_WARN_OBJC_LITERAL_CONVERSION = YES;
				CLANG_WARN_OBJC_ROOT_CLASS = YES_ERROR;
				CLANG_WARN_QUOTED_INCLUDE_IN_FRAMEWORK_HEADER = YES;
				CLANG_WARN_RANGE_LOOP_ANALYSIS = YES;
				CLANG_WARN_STRICT_PROTOTYPES = YES;
				CLANG_WARN_SUSPICIOUS_MOVE = YES;
				CLANG_WARN_UNGUARDED_AVAILABILITY = YES_AGGRESSIVE;
				CLANG_WARN_UNREACHABLE_CODE = YES;
				CLANG_WARN__DUPLICATE_METHOD_MATCH = YES;
				COPY_PHASE_STRIP = NO;
				DEBUG_INFORMATION_FORMAT = "dwarf-with-dsym";
				ENABLE_NS_ASSERTIONS = NO;
				ENABLE_STRICT_OBJC_MSGSEND = YES;
				ENABLE_USER_SCRIPT_SANDBOXING = YES;
				GCC_C_LANGUAGE_STANDARD = gnu17;
				GCC_NO_COMMON_BLOCKS = YES;
				GCC_WARN_64_TO_32_BIT_CONVERSION = YES;
				GCC_WARN_ABOUT_RETURN_TYPE = YES_ERROR;
				GCC_WARN_UNDECLARED_SELECTOR = YES;
				GCC_WARN_UNINITIALIZED_AUTOS = YES_AGGRESSIVE;
				GCC_WARN_UNUSED_FUNCTION = YES;
				GCC_WARN_UNUSED_VARIABLE = YES;
				IPHONEOS_DEPLOYMENT_TARGET = 17.2;
				LOCALIZATION_PREFERS_STRING_CATALOGS = YES;
				MTL_ENABLE_DEBUG_INFO = NO;
				MTL_FAST_MATH = YES;
				SDKROOT = iphoneos;
				SWIFT_COMPILATION_MODE = wholemodule;
				VALIDATE_PRODUCT = YES;
			};
			name = Release;
		};
		F157383F2B7575CC008811C1 /* Debug */ = {
			isa = XCBuildConfiguration;
			buildSettings = {
				ALWAYS_EMBED_SWIFT_STANDARD_LIBRARIES = YES;
				ASSETCATALOG_COMPILER_APPICON_NAME = AppIcon;
				ASSETCATALOG_COMPILER_GLOBAL_ACCENT_COLOR_NAME = AccentColor;
				CODE_SIGN_ENTITLEMENTS = "Kids Tech Balance/Kids Tech Balance.entitlements";
				CODE_SIGN_STYLE = Automatic;
				CURRENT_PROJECT_VERSION = 1;
				DEVELOPMENT_ASSET_PATHS = "\"Kids Tech Balance/Preview Content\"";
				DEVELOPMENT_TEAM = D2P5TN7NL8;
				ENABLE_PREVIEWS = YES;
				GENERATE_INFOPLIST_FILE = YES;
				INFOPLIST_KEY_UIApplicationSceneManifest_Generation = YES;
				INFOPLIST_KEY_UIApplicationSupportsIndirectInputEvents = YES;
				INFOPLIST_KEY_UILaunchScreen_Generation = YES;
				INFOPLIST_KEY_UISupportedInterfaceOrientations_iPad = "UIInterfaceOrientationPortrait UIInterfaceOrientationPortraitUpsideDown UIInterfaceOrientationLandscapeLeft UIInterfaceOrientationLandscapeRight";
				INFOPLIST_KEY_UISupportedInterfaceOrientations_iPhone = "UIInterfaceOrientationPortrait UIInterfaceOrientationLandscapeLeft UIInterfaceOrientationLandscapeRight";
				LD_RUNPATH_SEARCH_PATHS = (
					"$(inherited)",
					"@executable_path/Frameworks",
				);
				MARKETING_VERSION = 1.0;
				PRODUCT_BUNDLE_IDENTIFIER = "com.mswendell.Kids-Tech-Balance";
				PRODUCT_NAME = "$(TARGET_NAME)";
				SWIFT_EMIT_LOC_STRINGS = YES;
				SWIFT_VERSION = 5.0;
				TARGETED_DEVICE_FAMILY = "1,2";
			};
			name = Debug;
		};
		F15738402B7575CC008811C1 /* Release */ = {
			isa = XCBuildConfiguration;
			buildSettings = {
				ALWAYS_EMBED_SWIFT_STANDARD_LIBRARIES = YES;
				ASSETCATALOG_COMPILER_APPICON_NAME = AppIcon;
				ASSETCATALOG_COMPILER_GLOBAL_ACCENT_COLOR_NAME = AccentColor;
				CODE_SIGN_ENTITLEMENTS = "Kids Tech Balance/Kids Tech Balance.entitlements";
				CODE_SIGN_STYLE = Automatic;
				CURRENT_PROJECT_VERSION = 1;
				DEVELOPMENT_ASSET_PATHS = "\"Kids Tech Balance/Preview Content\"";
				DEVELOPMENT_TEAM = D2P5TN7NL8;
				ENABLE_PREVIEWS = YES;
				GENERATE_INFOPLIST_FILE = YES;
				INFOPLIST_KEY_UIApplicationSceneManifest_Generation = YES;
				INFOPLIST_KEY_UIApplicationSupportsIndirectInputEvents = YES;
				INFOPLIST_KEY_UILaunchScreen_Generation = YES;
				INFOPLIST_KEY_UISupportedInterfaceOrientations_iPad = "UIInterfaceOrientationPortrait UIInterfaceOrientationPortraitUpsideDown UIInterfaceOrientationLandscapeLeft UIInterfaceOrientationLandscapeRight";
				INFOPLIST_KEY_UISupportedInterfaceOrientations_iPhone = "UIInterfaceOrientationPortrait UIInterfaceOrientationLandscapeLeft UIInterfaceOrientationLandscapeRight";
				LD_RUNPATH_SEARCH_PATHS = (
					"$(inherited)",
					"@executable_path/Frameworks",
				);
				MARKETING_VERSION = 1.0;
				PRODUCT_BUNDLE_IDENTIFIER = "com.mswendell.Kids-Tech-Balance";
				PRODUCT_NAME = "$(TARGET_NAME)";
				SWIFT_EMIT_LOC_STRINGS = YES;
				SWIFT_VERSION = 5.0;
				TARGETED_DEVICE_FAMILY = "1,2";
			};
			name = Release;
		};
		F15738422B7575CC008811C1 /* Debug */ = {
			isa = XCBuildConfiguration;
			buildSettings = {
				ALWAYS_EMBED_SWIFT_STANDARD_LIBRARIES = YES;
				BUNDLE_LOADER = "$(TEST_HOST)";
				CODE_SIGN_STYLE = Automatic;
				CURRENT_PROJECT_VERSION = 1;
				DEVELOPMENT_TEAM = D2P5TN7NL8;
				GENERATE_INFOPLIST_FILE = YES;
				IPHONEOS_DEPLOYMENT_TARGET = 17.2;
				MARKETING_VERSION = 1.0;
				PRODUCT_BUNDLE_IDENTIFIER = "com.mswendell.Kids-Tech-BalanceTests";
				PRODUCT_NAME = "$(TARGET_NAME)";
				SWIFT_EMIT_LOC_STRINGS = NO;
				SWIFT_VERSION = 5.0;
				TARGETED_DEVICE_FAMILY = "1,2";
				TEST_HOST = "$(BUILT_PRODUCTS_DIR)/Kids Tech Balance.app/$(BUNDLE_EXECUTABLE_FOLDER_PATH)/Kids Tech Balance";
			};
			name = Debug;
		};
		F15738432B7575CC008811C1 /* Release */ = {
			isa = XCBuildConfiguration;
			buildSettings = {
				ALWAYS_EMBED_SWIFT_STANDARD_LIBRARIES = YES;
				BUNDLE_LOADER = "$(TEST_HOST)";
				CODE_SIGN_STYLE = Automatic;
				CURRENT_PROJECT_VERSION = 1;
				DEVELOPMENT_TEAM = D2P5TN7NL8;
				GENERATE_INFOPLIST_FILE = YES;
				IPHONEOS_DEPLOYMENT_TARGET = 17.2;
				MARKETING_VERSION = 1.0;
				PRODUCT_BUNDLE_IDENTIFIER = "com.mswendell.Kids-Tech-BalanceTests";
				PRODUCT_NAME = "$(TARGET_NAME)";
				SWIFT_EMIT_LOC_STRINGS = NO;
				SWIFT_VERSION = 5.0;
				TARGETED_DEVICE_FAMILY = "1,2";
				TEST_HOST = "$(BUILT_PRODUCTS_DIR)/Kids Tech Balance.app/$(BUNDLE_EXECUTABLE_FOLDER_PATH)/Kids Tech Balance";
			};
			name = Release;
		};
		F15738452B7575CC008811C1 /* Debug */ = {
			isa = XCBuildConfiguration;
			buildSettings = {
				ALWAYS_EMBED_SWIFT_STANDARD_LIBRARIES = YES;
				CODE_SIGN_STYLE = Automatic;
				CURRENT_PROJECT_VERSION = 1;
				DEVELOPMENT_TEAM = D2P5TN7NL8;
				GENERATE_INFOPLIST_FILE = YES;
				MARKETING_VERSION = 1.0;
				PRODUCT_BUNDLE_IDENTIFIER = "com.mswendell.Kids-Tech-BalanceUITests";
				PRODUCT_NAME = "$(TARGET_NAME)";
				SWIFT_EMIT_LOC_STRINGS = NO;
				SWIFT_VERSION = 5.0;
				TARGETED_DEVICE_FAMILY = "1,2";
				TEST_TARGET_NAME = "Kids Tech Balance";
			};
			name = Debug;
		};
		F15738462B7575CC008811C1 /* Release */ = {
			isa = XCBuildConfiguration;
			buildSettings = {
				ALWAYS_EMBED_SWIFT_STANDARD_LIBRARIES = YES;
				CODE_SIGN_STYLE = Automatic;
				CURRENT_PROJECT_VERSION = 1;
				DEVELOPMENT_TEAM = D2P5TN7NL8;
				GENERATE_INFOPLIST_FILE = YES;
				MARKETING_VERSION = 1.0;
				PRODUCT_BUNDLE_IDENTIFIER = "com.mswendell.Kids-Tech-BalanceUITests";
				PRODUCT_NAME = "$(TARGET_NAME)";
				SWIFT_EMIT_LOC_STRINGS = NO;
				SWIFT_VERSION = 5.0;
				TARGETED_DEVICE_FAMILY = "1,2";
				TEST_TARGET_NAME = "Kids Tech Balance";
			};
			name = Release;
		};
		F1604CFB2BD82406009F5F89 /* Debug */ = {
			isa = XCBuildConfiguration;
			buildSettings = {
				CODE_SIGN_ENTITLEMENTS = MyDeviceActivityMonitor/MyDeviceActivityMonitor.entitlements;
				CODE_SIGN_STYLE = Automatic;
				CURRENT_PROJECT_VERSION = 1;
				DEVELOPMENT_TEAM = D2P5TN7NL8;
				GENERATE_INFOPLIST_FILE = YES;
				INFOPLIST_FILE = MyDeviceActivityMonitor/Info.plist;
				INFOPLIST_KEY_CFBundleDisplayName = MyDeviceActivityMonitor;
				INFOPLIST_KEY_NSHumanReadableCopyright = "";
				IPHONEOS_DEPLOYMENT_TARGET = 17.2;
				LD_RUNPATH_SEARCH_PATHS = (
					"$(inherited)",
					"@executable_path/Frameworks",
					"@executable_path/../../Frameworks",
				);
				MARKETING_VERSION = 1.0;
				PRODUCT_BUNDLE_IDENTIFIER = "com.mswendell.Kids-Tech-Balance.MyDeviceActivityMonitor";
				PRODUCT_NAME = "$(TARGET_NAME)";
				SKIP_INSTALL = YES;
				SWIFT_EMIT_LOC_STRINGS = YES;
				SWIFT_VERSION = 5.0;
				TARGETED_DEVICE_FAMILY = "1,2";
			};
			name = Debug;
		};
		F1604CFC2BD82406009F5F89 /* Release */ = {
			isa = XCBuildConfiguration;
			buildSettings = {
				CODE_SIGN_ENTITLEMENTS = MyDeviceActivityMonitor/MyDeviceActivityMonitor.entitlements;
				CODE_SIGN_STYLE = Automatic;
				CURRENT_PROJECT_VERSION = 1;
				DEVELOPMENT_TEAM = D2P5TN7NL8;
				GENERATE_INFOPLIST_FILE = YES;
				INFOPLIST_FILE = MyDeviceActivityMonitor/Info.plist;
				INFOPLIST_KEY_CFBundleDisplayName = MyDeviceActivityMonitor;
				INFOPLIST_KEY_NSHumanReadableCopyright = "";
				IPHONEOS_DEPLOYMENT_TARGET = 17.2;
				LD_RUNPATH_SEARCH_PATHS = (
					"$(inherited)",
					"@executable_path/Frameworks",
					"@executable_path/../../Frameworks",
				);
				MARKETING_VERSION = 1.0;
				PRODUCT_BUNDLE_IDENTIFIER = "com.mswendell.Kids-Tech-Balance.MyDeviceActivityMonitor";
				PRODUCT_NAME = "$(TARGET_NAME)";
				SKIP_INSTALL = YES;
				SWIFT_EMIT_LOC_STRINGS = YES;
				SWIFT_VERSION = 5.0;
				TARGETED_DEVICE_FAMILY = "1,2";
			};
			name = Release;
		};
		F167E6502BF816C10094E84E /* Debug */ = {
			isa = XCBuildConfiguration;
			buildSettings = {
				ASSETCATALOG_COMPILER_GLOBAL_ACCENT_COLOR_NAME = AccentColor;
				ASSETCATALOG_COMPILER_WIDGET_BACKGROUND_COLOR_NAME = WidgetBackground;
				CODE_SIGN_ENTITLEMENTS = TaskWidgetExtension.entitlements;
				CODE_SIGN_STYLE = Automatic;
				CURRENT_PROJECT_VERSION = 1;
				DEVELOPMENT_TEAM = D2P5TN7NL8;
				GENERATE_INFOPLIST_FILE = YES;
				INFOPLIST_FILE = TaskWidget/Info.plist;
				INFOPLIST_KEY_CFBundleDisplayName = TaskWidget;
				INFOPLIST_KEY_NSHumanReadableCopyright = "";
				IPHONEOS_DEPLOYMENT_TARGET = 17.2;
				LD_RUNPATH_SEARCH_PATHS = (
					"$(inherited)",
					"@executable_path/Frameworks",
					"@executable_path/../../Frameworks",
				);
				MARKETING_VERSION = 1.0;
				PRODUCT_BUNDLE_IDENTIFIER = "com.mswendell.Kids-Tech-Balance.TaskWidget";
				PRODUCT_NAME = "$(TARGET_NAME)";
				SKIP_INSTALL = YES;
				SWIFT_EMIT_LOC_STRINGS = YES;
				SWIFT_VERSION = 5.0;
				TARGETED_DEVICE_FAMILY = "1,2";
			};
			name = Debug;
		};
		F167E6512BF816C10094E84E /* Release */ = {
			isa = XCBuildConfiguration;
			buildSettings = {
				ASSETCATALOG_COMPILER_GLOBAL_ACCENT_COLOR_NAME = AccentColor;
				ASSETCATALOG_COMPILER_WIDGET_BACKGROUND_COLOR_NAME = WidgetBackground;
				CODE_SIGN_ENTITLEMENTS = TaskWidgetExtension.entitlements;
				CODE_SIGN_STYLE = Automatic;
				CURRENT_PROJECT_VERSION = 1;
				DEVELOPMENT_TEAM = D2P5TN7NL8;
				GENERATE_INFOPLIST_FILE = YES;
				INFOPLIST_FILE = TaskWidget/Info.plist;
				INFOPLIST_KEY_CFBundleDisplayName = TaskWidget;
				INFOPLIST_KEY_NSHumanReadableCopyright = "";
				IPHONEOS_DEPLOYMENT_TARGET = 17.2;
				LD_RUNPATH_SEARCH_PATHS = (
					"$(inherited)",
					"@executable_path/Frameworks",
					"@executable_path/../../Frameworks",
				);
				MARKETING_VERSION = 1.0;
				PRODUCT_BUNDLE_IDENTIFIER = "com.mswendell.Kids-Tech-Balance.TaskWidget";
				PRODUCT_NAME = "$(TARGET_NAME)";
				SKIP_INSTALL = YES;
				SWIFT_EMIT_LOC_STRINGS = YES;
				SWIFT_VERSION = 5.0;
				TARGETED_DEVICE_FAMILY = "1,2";
			};
			name = Release;
		};
		F1BC957E2BE342D6000B7AF5 /* Debug */ = {
			isa = XCBuildConfiguration;
			buildSettings = {
				CODE_SIGN_ENTITLEMENTS = ReportExtension/ReportExtension.entitlements;
				CODE_SIGN_STYLE = Automatic;
				CURRENT_PROJECT_VERSION = 1;
				DEVELOPMENT_TEAM = D2P5TN7NL8;
				GENERATE_INFOPLIST_FILE = YES;
				INFOPLIST_FILE = ReportExtension/Info.plist;
				INFOPLIST_KEY_CFBundleDisplayName = ReportExtension;
				INFOPLIST_KEY_NSHumanReadableCopyright = "";
				IPHONEOS_DEPLOYMENT_TARGET = 17.2;
				LD_RUNPATH_SEARCH_PATHS = (
					"$(inherited)",
					"@executable_path/Frameworks",
					"@executable_path/../../Frameworks",
				);
				MARKETING_VERSION = 1.0;
				PRODUCT_BUNDLE_IDENTIFIER = "com.mswendell.Kids-Tech-Balance.ReportExtension";
				PRODUCT_NAME = "$(TARGET_NAME)";
				SKIP_INSTALL = YES;
				SWIFT_EMIT_LOC_STRINGS = YES;
				SWIFT_VERSION = 5.0;
				TARGETED_DEVICE_FAMILY = "1,2";
			};
			name = Debug;
		};
		F1BC957F2BE342D6000B7AF5 /* Release */ = {
			isa = XCBuildConfiguration;
			buildSettings = {
				CODE_SIGN_ENTITLEMENTS = ReportExtension/ReportExtension.entitlements;
				CODE_SIGN_STYLE = Automatic;
				CURRENT_PROJECT_VERSION = 1;
				DEVELOPMENT_TEAM = D2P5TN7NL8;
				GENERATE_INFOPLIST_FILE = YES;
				INFOPLIST_FILE = ReportExtension/Info.plist;
				INFOPLIST_KEY_CFBundleDisplayName = ReportExtension;
				INFOPLIST_KEY_NSHumanReadableCopyright = "";
				IPHONEOS_DEPLOYMENT_TARGET = 17.2;
				LD_RUNPATH_SEARCH_PATHS = (
					"$(inherited)",
					"@executable_path/Frameworks",
					"@executable_path/../../Frameworks",
				);
				MARKETING_VERSION = 1.0;
				PRODUCT_BUNDLE_IDENTIFIER = "com.mswendell.Kids-Tech-Balance.ReportExtension";
				PRODUCT_NAME = "$(TARGET_NAME)";
				SKIP_INSTALL = YES;
				SWIFT_EMIT_LOC_STRINGS = YES;
				SWIFT_VERSION = 5.0;
				TARGETED_DEVICE_FAMILY = "1,2";
			};
			name = Release;
		};
/* End XCBuildConfiguration section */

/* Begin XCConfigurationList section */
		F15738152B7575C9008811C1 /* Build configuration list for PBXProject "Kids Tech Balance" */ = {
			isa = XCConfigurationList;
			buildConfigurations = (
				F157383C2B7575CC008811C1 /* Debug */,
				F157383D2B7575CC008811C1 /* Release */,
			);
			defaultConfigurationIsVisible = 0;
			defaultConfigurationName = Release;
		};
		F157383E2B7575CC008811C1 /* Build configuration list for PBXNativeTarget "Kids Tech Balance" */ = {
			isa = XCConfigurationList;
			buildConfigurations = (
				F157383F2B7575CC008811C1 /* Debug */,
				F15738402B7575CC008811C1 /* Release */,
			);
			defaultConfigurationIsVisible = 0;
			defaultConfigurationName = Release;
		};
		F15738412B7575CC008811C1 /* Build configuration list for PBXNativeTarget "Kids Tech BalanceTests" */ = {
			isa = XCConfigurationList;
			buildConfigurations = (
				F15738422B7575CC008811C1 /* Debug */,
				F15738432B7575CC008811C1 /* Release */,
			);
			defaultConfigurationIsVisible = 0;
			defaultConfigurationName = Release;
		};
		F15738442B7575CC008811C1 /* Build configuration list for PBXNativeTarget "Kids Tech BalanceUITests" */ = {
			isa = XCConfigurationList;
			buildConfigurations = (
				F15738452B7575CC008811C1 /* Debug */,
				F15738462B7575CC008811C1 /* Release */,
			);
			defaultConfigurationIsVisible = 0;
			defaultConfigurationName = Release;
		};
		F1604CFA2BD82406009F5F89 /* Build configuration list for PBXNativeTarget "MyDeviceActivityMonitor" */ = {
			isa = XCConfigurationList;
			buildConfigurations = (
				F1604CFB2BD82406009F5F89 /* Debug */,
				F1604CFC2BD82406009F5F89 /* Release */,
			);
			defaultConfigurationIsVisible = 0;
			defaultConfigurationName = Release;
		};
		F167E64F2BF816C10094E84E /* Build configuration list for PBXNativeTarget "TaskWidgetExtension" */ = {
			isa = XCConfigurationList;
			buildConfigurations = (
				F167E6502BF816C10094E84E /* Debug */,
				F167E6512BF816C10094E84E /* Release */,
			);
			defaultConfigurationIsVisible = 0;
			defaultConfigurationName = Release;
		};
		F1BC957D2BE342D6000B7AF5 /* Build configuration list for PBXNativeTarget "ReportExtension" */ = {
			isa = XCConfigurationList;
			buildConfigurations = (
				F1BC957E2BE342D6000B7AF5 /* Debug */,
				F1BC957F2BE342D6000B7AF5 /* Release */,
			);
			defaultConfigurationIsVisible = 0;
			defaultConfigurationName = Release;
		};
/* End XCConfigurationList section */
	};
	rootObject = F15738122B7575C9008811C1 /* Project object */;
}
